// !$*UTF8*$!
{
	archiveVersion = 1;
	classes = {
	};
	objectVersion = 46;
	objects = {

/* Begin PBXBuildFile section */
		4F0D24C01D13937F005DCCAD /* main.m in Sources */ = {isa = PBXBuildFile; fileRef = 4F0D24BF1D13937F005DCCAD /* main.m */; };
		4F0D24C31D13937F005DCCAD /* AppDelegate.m in Sources */ = {isa = PBXBuildFile; fileRef = 4F0D24C21D13937F005DCCAD /* AppDelegate.m */; };
		4F0D24C61D13937F005DCCAD /* ViewController.m in Sources */ = {isa = PBXBuildFile; fileRef = 4F0D24C51D13937F005DCCAD /* ViewController.m */; };
		4F0D24C91D13937F005DCCAD /* Main.storyboard in Resources */ = {isa = PBXBuildFile; fileRef = 4F0D24C71D13937F005DCCAD /* Main.storyboard */; };
		4F0D24CB1D13937F005DCCAD /* Assets.xcassets in Resources */ = {isa = PBXBuildFile; fileRef = 4F0D24CA1D13937F005DCCAD /* Assets.xcassets */; };
		4F0D24CE1D13937F005DCCAD /* LaunchScreen.storyboard in Resources */ = {isa = PBXBuildFile; fileRef = 4F0D24CC1D13937F005DCCAD /* LaunchScreen.storyboard */; };
		4F0D24D81D1393DA005DCCAD /* ChangeStatusViewController.m in Sources */ = {isa = PBXBuildFile; fileRef = 4F0D24D71D1393DA005DCCAD /* ChangeStatusViewController.m */; };
/* End PBXBuildFile section */

/* Begin PBXFileReference section */
		4F0D24BB1D13937F005DCCAD /* 改变状态栏.app */ = {isa = PBXFileReference; explicitFileType = wrapper.application; includeInIndex = 0; path = "改变状态栏.app"; sourceTree = BUILT_PRODUCTS_DIR; };
		4F0D24BF1D13937F005DCCAD /* main.m */ = {isa = PBXFileReference; lastKnownFileType = sourcecode.c.objc; path = main.m; sourceTree = "<group>"; };
		4F0D24C11D13937F005DCCAD /* AppDelegate.h */ = {isa = PBXFileReference; lastKnownFileType = sourcecode.c.h; path = AppDelegate.h; sourceTree = "<group>"; };
		4F0D24C21D13937F005DCCAD /* AppDelegate.m */ = {isa = PBXFileReference; lastKnownFileType = sourcecode.c.objc; path = AppDelegate.m; sourceTree = "<group>"; };
		4F0D24C41D13937F005DCCAD /* ViewController.h */ = {isa = PBXFileReference; lastKnownFileType = sourcecode.c.h; path = ViewController.h; sourceTree = "<group>"; };
		4F0D24C51D13937F005DCCAD /* ViewController.m */ = {isa = PBXFileReference; lastKnownFileType = sourcecode.c.objc; path = ViewController.m; sourceTree = "<group>"; };
		4F0D24C81D13937F005DCCAD /* Base */ = {isa = PBXFileReference; lastKnownFileType = file.storyboard; name = Base; path = Base.lproj/Main.storyboard; sourceTree = "<group>"; };
		4F0D24CA1D13937F005DCCAD /* Assets.xcassets */ = {isa = PBXFileReference; lastKnownFileType = folder.assetcatalog; path = Assets.xcassets; sourceTree = "<group>"; };
		4F0D24CD1D13937F005DCCAD /* Base */ = {isa = PBXFileReference; lastKnownFileType = file.storyboard; name = Base; path = Base.lproj/LaunchScreen.storyboard; sourceTree = "<group>"; };
		4F0D24CF1D13937F005DCCAD /* Info.plist */ = {isa = PBXFileReference; lastKnownFileType = text.plist.xml; path = Info.plist; sourceTree = "<group>"; };
		4F0D24D61D1393DA005DCCAD /* ChangeStatusViewController.h */ = {isa = PBXFileReference; fileEncoding = 4; lastKnownFileType = sourcecode.c.h; path = ChangeStatusViewController.h; sourceTree = "<group>"; };
		4F0D24D71D1393DA005DCCAD /* ChangeStatusViewController.m */ = {isa = PBXFileReference; fileEncoding = 4; lastKnownFileType = sourcecode.c.objc; path = ChangeStatusViewController.m; sourceTree = "<group>"; };
/* End PBXFileReference section */

/* Begin PBXFrameworksBuildPhase section */
		4F0D24B81D13937F005DCCAD /* Frameworks */ = {
			isa = PBXFrameworksBuildPhase;
			buildActionMask = 2147483647;
			files = (
			);
			runOnlyForDeploymentPostprocessing = 0;
		};
/* End PBXFrameworksBuildPhase section */

/* Begin PBXGroup section */
		4F0D24B21D13937F005DCCAD = {
			isa = PBXGroup;
			children = (
				4F0D24BD1D13937F005DCCAD /* 改变状态栏 */,
				4F0D24BC1D13937F005DCCAD /* Products */,
			);
			sourceTree = "<group>";
		};
		4F0D24BC1D13937F005DCCAD /* Products */ = {
			isa = PBXGroup;
			children = (
				4F0D24BB1D13937F005DCCAD /* 改变状态栏.app */,
			);
			name = Products;
			sourceTree = "<group>";
		};
		4F0D24BD1D13937F005DCCAD /* 改变状态栏 */ = {
			isa = PBXGroup;
			children = (
				4F0D24D51D13939C005DCCAD /* Window */,
				4F0D24C11D13937F005DCCAD /* AppDelegate.h */,
				4F0D24C21D13937F005DCCAD /* AppDelegate.m */,
				4F0D24C41D13937F005DCCAD /* ViewController.h */,
				4F0D24C51D13937F005DCCAD /* ViewController.m */,
				4F0D24C71D13937F005DCCAD /* Main.storyboard */,
				4F0D24CA1D13937F005DCCAD /* Assets.xcassets */,
				4F0D24CC1D13937F005DCCAD /* LaunchScreen.storyboard */,
				4F0D24CF1D13937F005DCCAD /* Info.plist */,
				4F0D24BE1D13937F005DCCAD /* Supporting Files */,
			);
			path = "改变状态栏";
			sourceTree = "<group>";
		};
		4F0D24BE1D13937F005DCCAD /* Supporting Files */ = {
			isa = PBXGroup;
			children = (
				4F0D24BF1D13937F005DCCAD /* main.m */,
			);
			name = "Supporting Files";
			sourceTree = "<group>";
		};
		4F0D24D51D13939C005DCCAD /* Window */ = {
			isa = PBXGroup;
			children = (
				4F0D24D61D1393DA005DCCAD /* ChangeStatusViewController.h */,
				4F0D24D71D1393DA005DCCAD /* ChangeStatusViewController.m */,
			);
			path = Window;
			sourceTree = "<group>";
		};
/* End PBXGroup section */

/* Begin PBXNativeTarget section */
		4F0D24BA1D13937F005DCCAD /* 改变状态栏 */ = {
			isa = PBXNativeTarget;
			buildConfigurationList = 4F0D24D21D13937F005DCCAD /* Build configuration list for PBXNativeTarget "改变状态栏" */;
			buildPhases = (
				4F0D24B71D13937F005DCCAD /* Sources */,
				4F0D24B81D13937F005DCCAD /* Frameworks */,
				4F0D24B91D13937F005DCCAD /* Resources */,
			);
			buildRules = (
			);
			dependencies = (
			);
			name = "改变状态栏";
			productName = "改变状态栏";
			productReference = 4F0D24BB1D13937F005DCCAD /* 改变状态栏.app */;
			productType = "com.apple.product-type.application";
		};
/* End PBXNativeTarget section */

/* Begin PBXProject section */
		4F0D24B31D13937F005DCCAD /* Project object */ = {
			isa = PBXProject;
			attributes = {
				LastUpgradeCheck = 0730;
				ORGANIZATIONNAME = "百思为科";
				TargetAttributes = {
					4F0D24BA1D13937F005DCCAD = {
						CreatedOnToolsVersion = 7.3.1;
					};
				};
			};
			buildConfigurationList = 4F0D24B61D13937F005DCCAD /* Build configuration list for PBXProject "改变状态栏" */;
			compatibilityVersion = "Xcode 3.2";
			developmentRegion = English;
			hasScannedForEncodings = 0;
			knownRegions = (
				en,
				Base,
			);
			mainGroup = 4F0D24B21D13937F005DCCAD;
			productRefGroup = 4F0D24BC1D13937F005DCCAD /* Products */;
			projectDirPath = "";
			projectRoot = "";
			targets = (
				4F0D24BA1D13937F005DCCAD /* 改变状态栏 */,
			);
		};
/* End PBXProject section */

/* Begin PBXResourcesBuildPhase section */
		4F0D24B91D13937F005DCCAD /* Resources */ = {
			isa = PBXResourcesBuildPhase;
			buildActionMask = 2147483647;
			files = (
				4F0D24CE1D13937F005DCCAD /* LaunchScreen.storyboard in Resources */,
				4F0D24CB1D13937F005DCCAD /* Assets.xcassets in Resources */,
				4F0D24C91D13937F005DCCAD /* Main.storyboard in Resources */,
			);
			runOnlyForDeploymentPostprocessing = 0;
		};
/* End PBXResourcesBuildPhase section */

/* Begin PBXSourcesBuildPhase section */
		4F0D24B71D13937F005DCCAD /* Sources */ = {
			isa = PBXSourcesBuildPhase;
			buildActionMask = 2147483647;
			files = (
				4F0D24D81D1393DA005DCCAD /* ChangeStatusViewController.m in Sources */,
				4F0D24C61D13937F005DCCAD /* ViewController.m in Sources */,
				4F0D24C31D13937F005DCCAD /* AppDelegate.m in Sources */,
				4F0D24C01D13937F005DCCAD /* main.m in Sources */,
			);
			runOnlyForDeploymentPostprocessing = 0;
		};
/* End PBXSourcesBuildPhase section */

/* Begin PBXVariantGroup section */
		4F0D24C71D13937F005DCCAD /* Main.storyboard */ = {
			isa = PBXVariantGroup;
			children = (
				4F0D24C81D13937F005DCCAD /* Base */,
			);
			name = Main.storyboard;
			sourceTree = "<group>";
		};
		4F0D24CC1D13937F005DCCAD /* LaunchScreen.storyboard */ = {
			isa = PBXVariantGroup;
			children = (
				4F0D24CD1D13937F005DCCAD /* Base */,
			);
			name = LaunchScreen.storyboard;
			sourceTree = "<group>";
		};
/* End PBXVariantGroup section */

/* Begin XCBuildConfiguration section */
		4F0D24D01D13937F005DCCAD /* Debug */ = {
			isa = XCBuildConfiguration;
			buildSettings = {
				ALWAYS_SEARCH_USER_PATHS = NO;
				CLANG_ANALYZER_NONNULL = YES;
				CLANG_CXX_LANGUAGE_STANDARD = "gnu++0x";
				CLANG_CXX_LIBRARY = "libc++";
				CLANG_ENABLE_MODULES = YES;
				CLANG_ENABLE_OBJC_ARC = YES;
				CLANG_WARN_BOOL_CONVERSION = YES;
				CLANG_WARN_CONSTANT_CONVERSION = YES;
				CLANG_WARN_DIRECT_OBJC_ISA_USAGE = YES_ERROR;
				CLANG_WARN_EMPTY_BODY = YES;
				CLANG_WARN_ENUM_CONVERSION = YES;
				CLANG_WARN_INT_CONVERSION = YES;
				CLANG_WARN_OBJC_ROOT_CLASS = YES_ERROR;
				CLANG_WARN_UNREACHABLE_CODE = YES;
				CLANG_WARN__DUPLICATE_METHOD_MATCH = YES;
				"CODE_SIGN_IDENTITY[sdk=iphoneos*]" = "iPhone Developer";
				COPY_PHASE_STRIP = NO;
				DEBUG_INFORMATION_FORMAT = dwarf;
				ENABLE_STRICT_OBJC_MSGSEND = YES;
				ENABLE_TESTABILITY = YES;
				GCC_C_LANGUAGE_STANDARD = gnu99;
				GCC_DYNAMIC_NO_PIC = NO;
				GCC_NO_COMMON_BLOCKS = YES;
				GCC_OPTIMIZATION_LEVEL = 0;
				GCC_PREPROCESSOR_DEFINITIONS = (
					"DEBUG=1",
					"$(inherited)",
				);
				GCC_WARN_64_TO_32_BIT_CONVERSION = YES;
				GCC_WARN_ABOUT_RETURN_TYPE = YES_ERROR;
				GCC_WARN_UNDECLARED_SELECTOR = YES;
				GCC_WARN_UNINITIALIZED_AUTOS = YES_AGGRESSIVE;
				GCC_WARN_UNUSED_FUNCTION = YES;
				GCC_WARN_UNUSED_VARIABLE = YES;
				IPHONEOS_DEPLOYMENT_TARGET = 9.3;
				MTL_ENABLE_DEBUG_INFO = YES;
				ONLY_ACTIVE_ARCH = YES;
				SDKROOT = iphoneos;
				TARGETED_DEVICE_FAMILY = "1,2";
			};
			name = Debug;
		};
		4F0D24D11D13937F005DCCAD /* Release */ = {
			isa = XCBuildConfiguration;
			buildSettings = {
				ALWAYS_SEARCH_USER_PATHS = NO;
				CLANG_ANALYZER_NONNULL = YES;
				CLANG_CXX_LANGUAGE_STANDARD = "gnu++0x";
				CLANG_CXX_LIBRARY = "libc++";
				CLANG_ENABLE_MODULES = YES;
				CLANG_ENABLE_OBJC_ARC = YES;
				CLANG_WARN_BOOL_CONVERSION = YES;
				CLANG_WARN_CONSTANT_CONVERSION = YES;
				CLANG_WARN_DIRECT_OBJC_ISA_USAGE = YES_ERROR;
				CLANG_WARN_EMPTY_BODY = YES;
				CLANG_WARN_ENUM_CONVERSION = YES;
				CLANG_WARN_INT_CONVERSION = YES;
				CLANG_WARN_OBJC_ROOT_CLASS = YES_ERROR;
				CLANG_WARN_UNREACHABLE_CODE = YES;
				CLANG_WARN__DUPLICATE_METHOD_MATCH = YES;
				"CODE_SIGN_IDENTITY[sdk=iphoneos*]" = "iPhone Developer";
				COPY_PHASE_STRIP = NO;
				DEBUG_INFORMATION_FORMAT = "dwarf-with-dsym";
				ENABLE_NS_ASSERTIONS = NO;
				ENABLE_STRICT_OBJC_MSGSEND = YES;
				GCC_C_LANGUAGE_STANDARD = gnu99;
				GCC_NO_COMMON_BLOCKS = YES;
				GCC_WARN_64_TO_32_BIT_CONVERSION = YES;
				GCC_WARN_ABOUT_RETURN_TYPE = YES_ERROR;
				GCC_WARN_UNDECLARED_SELECTOR = YES;
				GCC_WARN_UNINITIALIZED_AUTOS = YES_AGGRESSIVE;
				GCC_WARN_UNUSED_FUNCTION = YES;
				GCC_WARN_UNUSED_VARIABLE = YES;
				IPHONEOS_DEPLOYMENT_TARGET = 9.3;
				MTL_ENABLE_DEBUG_INFO = NO;
				SDKROOT = iphoneos;
				TARGETED_DEVICE_FAMILY = "1,2";
				VALIDATE_PRODUCT = YES;
			};
			name = Release;
		};
		4F0D24D31D13937F005DCCAD /* Debug */ = {
			isa = XCBuildConfiguration;
			buildSettings = {
				ASSETCATALOG_COMPILER_APPICON_NAME = AppIcon;
				INFOPLIST_FILE = "改变状态栏/Info.plist";
				IPHONEOS_DEPLOYMENT_TARGET = 9.0;
				LD_RUNPATH_SEARCH_PATHS = "$(inherited) @executable_path/Frameworks";
				PRODUCT_BUNDLE_IDENTIFIER = "baisi.com.-----";
				PRODUCT_NAME = "$(TARGET_NAME)";
			};
			name = Debug;
		};
		4F0D24D41D13937F005DCCAD /* Release */ = {
			isa = XCBuildConfiguration;
			buildSettings = {
				ASSETCATALOG_COMPILER_APPICON_NAME = AppIcon;
				INFOPLIST_FILE = "改变状态栏/Info.plist";
				IPHONEOS_DEPLOYMENT_TARGET = 9.0;
				LD_RUNPATH_SEARCH_PATHS = "$(inherited) @executable_path/Frameworks";
				PRODUCT_BUNDLE_IDENTIFIER = "baisi.com.-----";
				PRODUCT_NAME = "$(TARGET_NAME)";
			};
			name = Release;
		};
/* End XCBuildConfiguration section */

/* Begin XCConfigurationList section */
		4F0D24B61D13937F005DCCAD /* Build configuration list for PBXProject "改变状态栏" */ = {
			isa = XCConfigurationList;
			buildConfigurations = (
				4F0D24D01D13937F005DCCAD /* Debug */,
				4F0D24D11D13937F005DCCAD /* Release */,
			);
			defaultConfigurationIsVisible = 0;
			defaultConfigurationName = Release;
		};
		4F0D24D21D13937F005DCCAD /* Build configuration list for PBXNativeTarget "改变状态栏" */ = {
			isa = XCConfigurationList;
			buildConfigurations = (
				4F0D24D31D13937F005DCCAD /* Debug */,
				4F0D24D41D13937F005DCCAD /* Release */,
			);
			defaultConfigurationIsVisible = 0;
		};
/* End XCConfigurationList section */
	};
	rootObject = 4F0D24B31D13937F005DCCAD /* Project object */;
}
